
Microsoft Visual Studio Solution File, Format Version 12.00
# Visual Studio Version 16
VisualStudioVersion = 16.0.30503.244
MinimumVisualStudioVersion = 10.0.40219.1
Project("{FAE04EC0-301F-11D3-BF4B-00C04F79EFBC}") = "AndroidXAF.Android", "AndroidXAF\AndroidXAF.Android\AndroidXAF.Android.csproj", "{A0A6FE2D-76C4-46A2-85BB-013BB22EADE2}"
EndProject
Project("{FAE04EC0-301F-11D3-BF4B-00C04F79EFBC}") = "AndroidXAF", "AndroidXAF\AndroidXAF\AndroidXAF.csproj", "{72123235-58B8-46E6-977C-6151AB7AA16E}"
EndProject
Global
	GlobalSection(SolutionConfigurationPlatforms) = preSolution
		Debug|Any CPU = Debug|Any CPU
		Release|Any CPU = Release|Any CPU
	EndGlobalSection
	GlobalSection(ProjectConfigurationPlatforms) = postSolution
		{A0A6FE2D-76C4-46A2-85BB-013BB22EADE2}.Debug|Any CPU.ActiveCfg = Debug|Any CPU
		{A0A6FE2D-76C4-46A2-85BB-013BB22EADE2}.Debug|Any CPU.Build.0 = Debug|Any CPU
		{A0A6FE2D-76C4-46A2-85BB-013BB22EADE2}.Debug|Any CPU.Deploy.0 = Debug|Any CPU
		{A0A6FE2D-76C4-46A2-85BB-013BB22EADE2}.Release|Any CPU.ActiveCfg = Release|Any CPU
		{A0A6FE2D-76C4-46A2-85BB-013BB22EADE2}.Release|Any CPU.Build.0 = Release|Any CPU
		{A0A6FE2D-76C4-46A2-85BB-013BB22EADE2}.Release|Any CPU.Deploy.0 = Release|Any CPU
		{72123235-58B8-46E6-977C-6151AB7AA16E}.Debug|Any CPU.ActiveCfg = Debug|Any CPU
		{72123235-58B8-46E6-977C-6151AB7AA16E}.Debug|Any CPU.Build.0 = Debug|Any CPU
		{72123235-58B8-46E6-977C-6151AB7AA16E}.Debug|Any CPU.Deploy.0 = Debug|Any CPU
		{72123235-58B8-46E6-977C-6151AB7AA16E}.Release|Any CPU.ActiveCfg = Release|Any CPU
		{72123235-58B8-46E6-977C-6151AB7AA16E}.Release|Any CPU.Build.0 = Release|Any CPU
		{72123235-58B8-46E6-977C-6151AB7AA16E}.Release|Any CPU.Deploy.0 = Release|Any CPU
	EndGlobalSection
	GlobalSection(SolutionProperties) = preSolution
		HideSolutionNode = FALSE
	EndGlobalSection
	GlobalSection(ExtensibilityGlobals) = postSolution
		SolutionGuid = {F0E6B355-27C6-43FD-ADBC-BC561409A018}
	EndGlobalSection
EndGlobal
